
Microsoft Visual Studio Solution File, Format Version 12.00
# Visual Studio 15
VisualStudioVersion = 15.0.26430.14
MinimumVisualStudioVersion = 10.0.40219.1
Project("{FAE04EC0-301F-11D3-BF4B-00C04F79EFBC}") = "DublinFoodReivew", "DublinFoodReivew\DublinFoodReivew.csproj", "{F62AC985-4861-4DA1-9A63-57F8D724EFDD}"
EndProject
Project("{FAE04EC0-301F-11D3-BF4B-00C04F79EFBC}") = "DublinFoodReivew.Tests", "DublinFoodReivew.Tests\DublinFoodReivew.Tests.csproj", "{DA8567D2-9B42-44DE-B0D9-451AB695FFC7}"
EndProject
Global
	GlobalSection(SolutionConfigurationPlatforms) = preSolution
		Debug|Any CPU = Debug|Any CPU
		Release|Any CPU = Release|Any CPU
	EndGlobalSection
	GlobalSection(ProjectConfigurationPlatforms) = postSolution
		{F62AC985-4861-4DA1-9A63-57F8D724EFDD}.Debug|Any CPU.ActiveCfg = Debug|Any CPU
		{F62AC985-4861-4DA1-9A63-57F8D724EFDD}.Debug|Any CPU.Build.0 = Debug|Any CPU
		{F62AC985-4861-4DA1-9A63-57F8D724EFDD}.Release|Any CPU.ActiveCfg = Release|Any CPU
		{F62AC985-4861-4DA1-9A63-57F8D724EFDD}.Release|Any CPU.Build.0 = Release|Any CPU
		{DA8567D2-9B42-44DE-B0D9-451AB695FFC7}.Debug|Any CPU.ActiveCfg = Debug|Any CPU
		{DA8567D2-9B42-44DE-B0D9-451AB695FFC7}.Debug|Any CPU.Build.0 = Debug|Any CPU
		{DA8567D2-9B42-44DE-B0D9-451AB695FFC7}.Release|Any CPU.ActiveCfg = Release|Any CPU
		{DA8567D2-9B42-44DE-B0D9-451AB695FFC7}.Release|Any CPU.Build.0 = Release|Any CPU
	EndGlobalSection
	GlobalSection(SolutionProperties) = preSolution
		HideSolutionNode = FALSE
	EndGlobalSection
EndGlobal
